// !$*UTF8*$!
{
	archiveVersion = 1;
	classes = {
	};
	objectVersion = 77;
	objects = {

/* Begin PBXBuildFile section */
		00C018E52F8BE5A500C3D2C8 /* AppDelegate.swift in Sources */ = {isa = PBXBuildFile; fileRef = 00C018E42F8BE5A500C3D2C8 /* AppDelegate.swift */; };
		00C018E92F8BE5A500C3D2C8 /* Main.html in Resources */ = {isa = PBXBuildFile; fileRef = 00C018E72F8BE5A500C3D2C8 /* Main.html */; };
		00C018EB2F8BE5A500C3D2C8 /* Icon.png in Resources */ = {isa = PBXBuildFile; fileRef = 00C018EA2F8BE5A500C3D2C8 /* Icon.png */; };
		00C018ED2F8BE5A500C3D2C8 /* Style.css in Resources */ = {isa = PBXBuildFile; fileRef = 00C018EC2F8BE5A500C3D2C8 /* Style.css */; };
		00C018EF2F8BE5A500C3D2C8 /* Script.js in Resources */ = {isa = PBXBuildFile; fileRef = 00C018EE2F8BE5A500C3D2C8 /* Script.js */; };
		00C018F12F8BE5A500C3D2C8 /* ViewController.swift in Sources */ = {isa = PBXBuildFile; fileRef = 00C018F02F8BE5A500C3D2C8 /* ViewController.swift */; };
		00C018F42F8BE5A500C3D2C8 /* Main.storyboard in Resources */ = {isa = PBXBuildFile; fileRef = 00C018F22F8BE5A500C3D2C8 /* Main.storyboard */; };
		00C018F62F8BE5AB00C3D2C8 /* Assets.xcassets in Resources */ = {isa = PBXBuildFile; fileRef = 00C018F52F8BE5AB00C3D2C8 /* Assets.xcassets */; };
		00C018FD2F8BE5AB00C3D2C8 /* AutoPiP Extension.appex in Embed Foundation Extensions */ = {isa = PBXBuildFile; fileRef = 00C018FC2F8BE5AB00C3D2C8 /* AutoPiP Extension.appex */; settings = {ATTRIBUTES = (RemoveHeadersOnCopy, ); }; };
		00C019022F8BE5AB00C3D2C8 /* SafariWebExtensionHandler.swift in Sources */ = {isa = PBXBuildFile; fileRef = 00C019012F8BE5AB00C3D2C8 /* SafariWebExtensionHandler.swift */; };
		00C019112F8BE5AD00C3D2C8 /* images in Resources */ = {isa = PBXBuildFile; fileRef = 00C0190E2F8BE5AD00C3D2C8 /* images */; };
		00C019122F8BE5AD00C3D2C8 /* manifest.json in Resources */ = {isa = PBXBuildFile; fileRef = 00C0190F2F8BE5AD00C3D2C8 /* manifest.json */; };
		00C019132F8BE5AD00C3D2C8 /* content.js in Resources */ = {isa = PBXBuildFile; fileRef = 00C019102F8BE5AD00C3D2C8 /* content.js */; };
/* End PBXBuildFile section */

/* Begin PBXContainerItemProxy section */
		00C018FE2F8BE5AB00C3D2C8 /* PBXContainerItemProxy */ = {
			isa = PBXContainerItemProxy;
			containerPortal = 00C018D92F8BE5A400C3D2C8 /* Project object */;
			proxyType = 1;
			remoteGlobalIDString = 00C018FB2F8BE5AB00C3D2C8;
			remoteInfo = "AutoPiP Extension";
		};
/* End PBXContainerItemProxy section */

/* Begin PBXCopyFilesBuildPhase section */
		00C019092F8BE5AB00C3D2C8 /* Embed Foundation Extensions */ = {
			isa = PBXCopyFilesBuildPhase;
			buildActionMask = 2147483647;
			dstPath = "";
			dstSubfolderSpec = 13;
			files = (
				00C018FD2F8BE5AB00C3D2C8 /* AutoPiP Extension.appex in Embed Foundation Extensions */,
			);
			name = "Embed Foundation Extensions";
			runOnlyForDeploymentPostprocessing = 0;
		};
/* End PBXCopyFilesBuildPhase section */

/* Begin PBXFileReference section */
		00C018E12F8BE5A500C3D2C8 /* AutoPiP.app */ = {isa = PBXFileReference; explicitFileType = wrapper.application; includeInIndex = 0; path = AutoPiP.app; sourceTree = BUILT_PRODUCTS_DIR; };
		00C018E42F8BE5A500C3D2C8 /* AppDelegate.swift */ = {isa = PBXFileReference; lastKnownFileType = sourcecode.swift; path = AppDelegate.swift; sourceTree = "<group>"; };
		00C018E82F8BE5A500C3D2C8 /* Base */ = {isa = PBXFileReference; lastKnownFileType = text.html; name = Base; path = Base.lproj/Main.html; sourceTree = "<group>"; };
		00C018EA2F8BE5A500C3D2C8 /* Icon.png */ = {isa = PBXFileReference; lastKnownFileType = image.png; path = Icon.png; sourceTree = "<group>"; };
		00C018EC2F8BE5A500C3D2C8 /* Style.css */ = {isa = PBXFileReference; lastKnownFileType = text.css; path = Style.css; sourceTree = "<group>"; };
		00C018EE2F8BE5A500C3D2C8 /* Script.js */ = {isa = PBXFileReference; lastKnownFileType = sourcecode.javascript; path = Script.js; sourceTree = "<group>"; };
		00C018F02F8BE5A500C3D2C8 /* ViewController.swift */ = {isa = PBXFileReference; lastKnownFileType = sourcecode.swift; path = ViewController.swift; sourceTree = "<group>"; };
		00C018F32F8BE5A500C3D2C8 /* Base */ = {isa = PBXFileReference; lastKnownFileType = file.storyboard; name = Base; path = Base.lproj/Main.storyboard; sourceTree = "<group>"; };
		00C018F52F8BE5AB00C3D2C8 /* Assets.xcassets */ = {isa = PBXFileReference; lastKnownFileType = folder.assetcatalog; path = Assets.xcassets; sourceTree = "<group>"; };
		00C018F72F8BE5AB00C3D2C8 /* Info.plist */ = {isa = PBXFileReference; lastKnownFileType = text.plist.xml; path = Info.plist; sourceTree = "<group>"; };
		00C018FC2F8BE5AB00C3D2C8 /* AutoPiP Extension.appex */ = {isa = PBXFileReference; explicitFileType = "wrapper.app-extension"; includeInIndex = 0; path = "AutoPiP Extension.appex"; sourceTree = BUILT_PRODUCTS_DIR; };
		00C019012F8BE5AB00C3D2C8 /* SafariWebExtensionHandler.swift */ = {isa = PBXFileReference; lastKnownFileType = sourcecode.swift; path = SafariWebExtensionHandler.swift; sourceTree = "<group>"; };
		00C019032F8BE5AB00C3D2C8 /* Info.plist */ = {isa = PBXFileReference; lastKnownFileType = text.plist.xml; path = Info.plist; sourceTree = "<group>"; };
		00C0190E2F8BE5AD00C3D2C8 /* images */ = {isa = PBXFileReference; lastKnownFileType = folder; name = images; path = "../../extension-src/images"; sourceTree = "<group>"; };
		00C0190F2F8BE5AD00C3D2C8 /* manifest.json */ = {isa = PBXFileReference; lastKnownFileType = text.json; name = manifest.json; path = "../../extension-src/manifest.json"; sourceTree = "<group>"; };
		00C019102F8BE5AD00C3D2C8 /* content.js */ = {isa = PBXFileReference; lastKnownFileType = sourcecode.javascript; name = content.js; path = "../../extension-src/content.js"; sourceTree = "<group>"; };
/* End PBXFileReference section */

/* Begin PBXFrameworksBuildPhase section */
		00C018DE2F8BE5A400C3D2C8 /* Frameworks */ = {
			isa = PBXFrameworksBuildPhase;
			buildActionMask = 2147483647;
			files = (
			);
			runOnlyForDeploymentPostprocessing = 0;
		};
		00C018F92F8BE5AB00C3D2C8 /* Frameworks */ = {
			isa = PBXFrameworksBuildPhase;
			buildActionMask = 2147483647;
			files = (
			);
			runOnlyForDeploymentPostprocessing = 0;
		};
/* End PBXFrameworksBuildPhase section */

/* Begin PBXGroup section */
		00C018D82F8BE5A400C3D2C8 = {
			isa = PBXGroup;
			children = (
				00C018E32F8BE5A500C3D2C8 /* AutoPiP */,
				00C019002F8BE5AB00C3D2C8 /* AutoPiP Extension */,
				00C018E22F8BE5A500C3D2C8 /* Products */,
			);
			sourceTree = "<group>";
		};
		00C018E22F8BE5A500C3D2C8 /* Products */ = {
			isa = PBXGroup;
			children = (
				00C018E12F8BE5A500C3D2C8 /* AutoPiP.app */,
				00C018FC2F8BE5AB00C3D2C8 /* AutoPiP Extension.appex */,
			);
			name = Products;
			sourceTree = "<group>";
		};
		00C018E32F8BE5A500C3D2C8 /* AutoPiP */ = {
			isa = PBXGroup;
			children = (
				00C018E42F8BE5A500C3D2C8 /* AppDelegate.swift */,
				00C018F02F8BE5A500C3D2C8 /* ViewController.swift */,
				00C018F22F8BE5A500C3D2C8 /* Main.storyboard */,
				00C018F52F8BE5AB00C3D2C8 /* Assets.xcassets */,
				00C018F72F8BE5AB00C3D2C8 /* Info.plist */,
				00C018E62F8BE5A500C3D2C8 /* Resources */,
			);
			path = AutoPiP;
			sourceTree = "<group>";
		};
		00C018E62F8BE5A500C3D2C8 /* Resources */ = {
			isa = PBXGroup;
			children = (
				00C018E72F8BE5A500C3D2C8 /* Main.html */,
				00C018EA2F8BE5A500C3D2C8 /* Icon.png */,
				00C018EC2F8BE5A500C3D2C8 /* Style.css */,
				00C018EE2F8BE5A500C3D2C8 /* Script.js */,
			);
			path = Resources;
			sourceTree = "<group>";
		};
		00C019002F8BE5AB00C3D2C8 /* AutoPiP Extension */ = {
			isa = PBXGroup;
			children = (
				00C0190D2F8BE5AD00C3D2C8 /* Resources */,
				00C019012F8BE5AB00C3D2C8 /* SafariWebExtensionHandler.swift */,
				00C019032F8BE5AB00C3D2C8 /* Info.plist */,
			);
			path = "AutoPiP Extension";
			sourceTree = "<group>";
		};
		00C0190D2F8BE5AD00C3D2C8 /* Resources */ = {
			isa = PBXGroup;
			children = (
				00C0190E2F8BE5AD00C3D2C8 /* images */,
				00C0190F2F8BE5AD00C3D2C8 /* manifest.json */,
				00C019102F8BE5AD00C3D2C8 /* content.js */,
			);
			name = Resources;
			path = "AutoPiP Extension";
			sourceTree = SOURCE_ROOT;
		};
/* End PBXGroup section */

/* Begin PBXNativeTarget section */
		00C018E02F8BE5A400C3D2C8 /* AutoPiP */ = {
			isa = PBXNativeTarget;
			buildConfigurationList = 00C0190A2F8BE5AB00C3D2C8 /* Build configuration list for PBXNativeTarget "AutoPiP" */;
			buildPhases = (
				00C018DD2F8BE5A400C3D2C8 /* Sources */,
				00C018DE2F8BE5A400C3D2C8 /* Frameworks */,
				00C018DF2F8BE5A400C3D2C8 /* Resources */,
				00C019092F8BE5AB00C3D2C8 /* Embed Foundation Extensions */,
			);
			buildRules = (
			);
			dependencies = (
				00C018FF2F8BE5AB00C3D2C8 /* PBXTargetDependency */,
			);
			name = AutoPiP;
			packageProductDependencies = (
			);
			productName = AutoPiP;
			productReference = 00C018E12F8BE5A500C3D2C8 /* AutoPiP.app */;
			productType = "com.apple.product-type.application";
		};
		00C018FB2F8BE5AB00C3D2C8 /* AutoPiP Extension */ = {
			isa = PBXNativeTarget;
			buildConfigurationList = 00C019062F8BE5AB00C3D2C8 /* Build configuration list for PBXNativeTarget "AutoPiP Extension" */;
			buildPhases = (
				00C018F82F8BE5AB00C3D2C8 /* Sources */,
				00C018F92F8BE5AB00C3D2C8 /* Frameworks */,
				00C018FA2F8BE5AB00C3D2C8 /* Resources */,
			);
			buildRules = (
			);
			dependencies = (
			);
			name = "AutoPiP Extension";
			packageProductDependencies = (
			);
			productName = "AutoPiP Extension";
			productReference = 00C018FC2F8BE5AB00C3D2C8 /* AutoPiP Extension.appex */;
			productType = "com.apple.product-type.app-extension";
		};
/* End PBXNativeTarget section */

/* Begin PBXProject section */
		00C018D92F8BE5A400C3D2C8 /* Project object */ = {
			isa = PBXProject;
			attributes = {
				BuildIndependentTargetsInParallel = 1;
				LastSwiftUpdateCheck = 2640;
				LastUpgradeCheck = 2640;
				TargetAttributes = {
					00C018E02F8BE5A400C3D2C8 = {
						CreatedOnToolsVersion = 26.4;
					};
					00C018FB2F8BE5AB00C3D2C8 = {
						CreatedOnToolsVersion = 26.4;
					};
				};
			};
			buildConfigurationList = 00C018DC2F8BE5A400C3D2C8 /* Build configuration list for PBXProject "AutoPiP" */;
			developmentRegion = en;
			hasScannedForEncodings = 0;
			knownRegions = (
				en,
				Base,
			);
			mainGroup = 00C018D82F8BE5A400C3D2C8;
			minimizedProjectReferenceProxies = 1;
			preferredProjectObjectVersion = 77;
			productRefGroup = 00C018E22F8BE5A500C3D2C8 /* Products */;
			projectDirPath = "";
			projectRoot = "";
			targets = (
				00C018E02F8BE5A400C3D2C8 /* AutoPiP */,
				00C018FB2F8BE5AB00C3D2C8 /* AutoPiP Extension */,
			);
		};
/* End PBXProject section */

/* Begin PBXResourcesBuildPhase section */
		00C018DF2F8BE5A400C3D2C8 /* Resources */ = {
			isa = PBXResourcesBuildPhase;
			buildActionMask = 2147483647;
			files = (
				00C018EB2F8BE5A500C3D2C8 /* Icon.png in Resources */,
				00C018F42F8BE5A500C3D2C8 /* Main.storyboard in Resources */,
				00C018EF2F8BE5A500C3D2C8 /* Script.js in Resources */,
				00C018E92F8BE5A500C3D2C8 /* Main.html in Resources */,
				00C018F62F8BE5AB00C3D2C8 /* Assets.xcassets in Resources */,
				00C018ED2F8BE5A500C3D2C8 /* Style.css in Resources */,
			);
			runOnlyForDeploymentPostprocessing = 0;
		};
		00C018FA2F8BE5AB00C3D2C8 /* Resources */ = {
			isa = PBXResourcesBuildPhase;
			buildActionMask = 2147483647;
			files = (
				00C019132F8BE5AD00C3D2C8 /* content.js in Resources */,
				00C019122F8BE5AD00C3D2C8 /* manifest.json in Resources */,
				00C019112F8BE5AD00C3D2C8 /* images in Resources */,
			);
			runOnlyForDeploymentPostprocessing = 0;
		};
/* End PBXResourcesBuildPhase section */

/* Begin PBXSourcesBuildPhase section */
		00C018DD2F8BE5A400C3D2C8 /* Sources */ = {
			isa = PBXSourcesBuildPhase;
			buildActionMask = 2147483647;
			files = (
				00C018F12F8BE5A500C3D2C8 /* ViewController.swift in Sources */,
				00C018E52F8BE5A500C3D2C8 /* AppDelegate.swift in Sources */,
			);
			runOnlyForDeploymentPostprocessing = 0;
		};
		00C018F82F8BE5AB00C3D2C8 /* Sources */ = {
			isa = PBXSourcesBuildPhase;
			buildActionMask = 2147483647;
			files = (
				00C019022F8BE5AB00C3D2C8 /* SafariWebExtensionHandler.swift in Sources */,
			);
			runOnlyForDeploymentPostprocessing = 0;
		};
/* End PBXSourcesBuildPhase section */

/* Begin PBXTargetDependency section */
		00C018FF2F8BE5AB00C3D2C8 /* PBXTargetDependency */ = {
			isa = PBXTargetDependency;
			target = 00C018FB2F8BE5AB00C3D2C8 /* AutoPiP Extension */;
			targetProxy = 00C018FE2F8BE5AB00C3D2C8 /* PBXContainerItemProxy */;
		};
/* End PBXTargetDependency section */

/* Begin PBXVariantGroup section */
		00C018E72F8BE5A500C3D2C8 /* Main.html */ = {
			isa = PBXVariantGroup;
			children = (
				00C018E82F8BE5A500C3D2C8 /* Base */,
			);
			name = Main.html;
			sourceTree = "<group>";
		};
		00C018F22F8BE5A500C3D2C8 /* Main.storyboard */ = {
			isa = PBXVariantGroup;
			children = (
				00C018F32F8BE5A500C3D2C8 /* Base */,
			);
			name = Main.storyboard;
			sourceTree = "<group>";
		};
/* End PBXVariantGroup section */

/* Begin XCBuildConfiguration section */
		00C019042F8BE5AB00C3D2C8 /* Debug */ = {
			isa = XCBuildConfiguration;
			buildSettings = {
				ALWAYS_SEARCH_USER_PATHS = NO;
				ASSETCATALOG_COMPILER_GENERATE_SWIFT_ASSET_SYMBOL_EXTENSIONS = YES;
				CLANG_ANALYZER_NONNULL = YES;
				CLANG_ANALYZER_NUMBER_OBJECT_CONVERSION = YES_AGGRESSIVE;
				CLANG_CXX_LANGUAGE_STANDARD = "gnu++20";
				CLANG_ENABLE_MODULES = YES;
				CLANG_ENABLE_OBJC_ARC = YES;
				CLANG_ENABLE_OBJC_WEAK = YES;
				CLANG_WARN_BLOCK_CAPTURE_AUTORELEASING = YES;
				CLANG_WARN_BOOL_CONVERSION = YES;
				CLANG_WARN_COMMA = YES;
				CLANG_WARN_CONSTANT_CONVERSION = YES;
				CLANG_WARN_DEPRECATED_OBJC_IMPLEMENTATIONS = YES;
				CLANG_WARN_DIRECT_OBJC_ISA_USAGE = YES_ERROR;
				CLANG_WARN_DOCUMENTATION_COMMENTS = YES;
				CLANG_WARN_EMPTY_BODY = YES;
				CLANG_WARN_ENUM_CONVERSION = YES;
				CLANG_WARN_INFINITE_RECURSION = YES;
				CLANG_WARN_INT_CONVERSION = YES;
				CLANG_WARN_NON_LITERAL_NULL_CONVERSION = YES;
				CLANG_WARN_OBJC_IMPLICIT_RETAIN_SELF = YES;
				CLANG_WARN_OBJC_LITERAL_CONVERSION = YES;
				CLANG_WARN_OBJC_ROOT_CLASS = YES_ERROR;
				CLANG_WARN_QUOTED_INCLUDE_IN_FRAMEWORK_HEADER = YES;
				CLANG_WARN_RANGE_LOOP_ANALYSIS = YES;
				CLANG_WARN_STRICT_PROTOTYPES = YES;
				CLANG_WARN_SUSPICIOUS_MOVE = YES;
				CLANG_WARN_UNGUARDED_AVAILABILITY = YES_AGGRESSIVE;
				CLANG_WARN_UNREACHABLE_CODE = YES;
				CLANG_WARN__DUPLICATE_METHOD_MATCH = YES;
				COPY_PHASE_STRIP = NO;
				DEBUG_INFORMATION_FORMAT = dwarf;
				ENABLE_STRICT_OBJC_MSGSEND = YES;
				ENABLE_TESTABILITY = YES;
				ENABLE_USER_SCRIPT_SANDBOXING = YES;
				GCC_C_LANGUAGE_STANDARD = gnu17;
				GCC_DYNAMIC_NO_PIC = NO;
				GCC_NO_COMMON_BLOCKS = YES;
				GCC_OPTIMIZATION_LEVEL = 0;
				GCC_PREPROCESSOR_DEFINITIONS = (
					"DEBUG=1",
					"$(inherited)",
				);
				GCC_WARN_64_TO_32_BIT_CONVERSION = YES;
				GCC_WARN_ABOUT_RETURN_TYPE = YES_ERROR;
				GCC_WARN_UNDECLARED_SELECTOR = YES;
				GCC_WARN_UNINITIALIZED_AUTOS = YES_AGGRESSIVE;
				GCC_WARN_UNUSED_FUNCTION = YES;
				GCC_WARN_UNUSED_VARIABLE = YES;
				LOCALIZATION_PREFERS_STRING_CATALOGS = YES;
				MACOSX_DEPLOYMENT_TARGET = 26.4;
				MTL_ENABLE_DEBUG_INFO = INCLUDE_SOURCE;
				MTL_FAST_MATH = YES;
				ONLY_ACTIVE_ARCH = YES;
				SDKROOT = macosx;
				SWIFT_ACTIVE_COMPILATION_CONDITIONS = "DEBUG $(inherited)";
				SWIFT_OPTIMIZATION_LEVEL = "-Onone";
			};
			name = Debug;
		};
		00C019052F8BE5AB00C3D2C8 /* Release */ = {
			isa = XCBuildConfiguration;
			buildSettings = {
				ALWAYS_SEARCH_USER_PATHS = NO;
				ASSETCATALOG_COMPILER_GENERATE_SWIFT_ASSET_SYMBOL_EXTENSIONS = YES;
				CLANG_ANALYZER_NONNULL = YES;
				CLANG_ANALYZER_NUMBER_OBJECT_CONVERSION = YES_AGGRESSIVE;
				CLANG_CXX_LANGUAGE_STANDARD = "gnu++20";
				CLANG_ENABLE_MODULES = YES;
				CLANG_ENABLE_OBJC_ARC = YES;
				CLANG_ENABLE_OBJC_WEAK = YES;
				CLANG_WARN_BLOCK_CAPTURE_AUTORELEASING = YES;
				CLANG_WARN_BOOL_CONVERSION = YES;
				CLANG_WARN_COMMA = YES;
				CLANG_WARN_CONSTANT_CONVERSION = YES;
				CLANG_WARN_DEPRECATED_OBJC_IMPLEMENTATIONS = YES;
				CLANG_WARN_DIRECT_OBJC_ISA_USAGE = YES_ERROR;
				CLANG_WARN_DOCUMENTATION_COMMENTS = YES;
				CLANG_WARN_EMPTY_BODY = YES;
				CLANG_WARN_ENUM_CONVERSION = YES;
				CLANG_WARN_INFINITE_RECURSION = YES;
				CLANG_WARN_INT_CONVERSION = YES;
				CLANG_WARN_NON_LITERAL_NULL_CONVERSION = YES;
				CLANG_WARN_OBJC_IMPLICIT_RETAIN_SELF = YES;
				CLANG_WARN_OBJC_LITERAL_CONVERSION = YES;
				CLANG_WARN_OBJC_ROOT_CLASS = YES_ERROR;
				CLANG_WARN_QUOTED_INCLUDE_IN_FRAMEWORK_HEADER = YES;
				CLANG_WARN_RANGE_LOOP_ANALYSIS = YES;
				CLANG_WARN_STRICT_PROTOTYPES = YES;
				CLANG_WARN_SUSPICIOUS_MOVE = YES;
				CLANG_WARN_UNGUARDED_AVAILABILITY = YES_AGGRESSIVE;
				CLANG_WARN_UNREACHABLE_CODE = YES;
				CLANG_WARN__DUPLICATE_METHOD_MATCH = YES;
				COPY_PHASE_STRIP = NO;
				DEBUG_INFORMATION_FORMAT = "dwarf-with-dsym";
				ENABLE_NS_ASSERTIONS = NO;
				ENABLE_STRICT_OBJC_MSGSEND = YES;
				ENABLE_USER_SCRIPT_SANDBOXING = YES;
				GCC_C_LANGUAGE_STANDARD = gnu17;
				GCC_NO_COMMON_BLOCKS = YES;
				GCC_WARN_64_TO_32_BIT_CONVERSION = YES;
				GCC_WARN_ABOUT_RETURN_TYPE = YES_ERROR;
				GCC_WARN_UNDECLARED_SELECTOR = YES;
				GCC_WARN_UNINITIALIZED_AUTOS = YES_AGGRESSIVE;
				GCC_WARN_UNUSED_FUNCTION = YES;
				GCC_WARN_UNUSED_VARIABLE = YES;
				LOCALIZATION_PREFERS_STRING_CATALOGS = YES;
				MACOSX_DEPLOYMENT_TARGET = 26.4;
				MTL_ENABLE_DEBUG_INFO = NO;
				MTL_FAST_MATH = YES;
				SDKROOT = macosx;
				SWIFT_COMPILATION_MODE = wholemodule;
			};
			name = Release;
		};
		00C019072F8BE5AB00C3D2C8 /* Debug */ = {
			isa = XCBuildConfiguration;
			buildSettings = {
				CODE_SIGN_STYLE = Automatic;
				CURRENT_PROJECT_VERSION = 1;
				ENABLE_APP_SANDBOX = YES;
				ENABLE_HARDENED_RUNTIME = YES;
				ENABLE_USER_SELECTED_FILES = readonly;
				GENERATE_INFOPLIST_FILE = YES;
				INFOPLIST_FILE = "AutoPiP Extension/Info.plist";
				INFOPLIST_KEY_CFBundleDisplayName = "AutoPiP Extension";
				INFOPLIST_KEY_NSHumanReadableCopyright = "";
				LD_RUNPATH_SEARCH_PATHS = (
					"$(inherited)",
					"@executable_path/../Frameworks",
					"@executable_path/../../../../Frameworks",
				);
				MACOSX_DEPLOYMENT_TARGET = 10.14;
				MARKETING_VERSION = 1.0;
				OTHER_LDFLAGS = (
					"-framework",
					SafariServices,
				);
				PRODUCT_BUNDLE_IDENTIFIER = com.konrad.AutoPiP.Extension;
				PRODUCT_NAME = "$(TARGET_NAME)";
				SKIP_INSTALL = YES;
				STRING_CATALOG_GENERATE_SYMBOLS = YES;
				SWIFT_APPROACHABLE_CONCURRENCY = YES;
				SWIFT_EMIT_LOC_STRINGS = YES;
				SWIFT_UPCOMING_FEATURE_MEMBER_IMPORT_VISIBILITY = YES;
				SWIFT_VERSION = 5.0;
			};
			name = Debug;
		};
		00C019082F8BE5AB00C3D2C8 /* Release */ = {
			isa = XCBuildConfiguration;
			buildSettings = {
				CODE_SIGN_STYLE = Automatic;
				CURRENT_PROJECT_VERSION = 1;
				ENABLE_APP_SANDBOX = YES;
				ENABLE_HARDENED_RUNTIME = YES;
				ENABLE_USER_SELECTED_FILES = readonly;
				GENERATE_INFOPLIST_FILE = YES;
				INFOPLIST_FILE = "AutoPiP Extension/Info.plist";
				INFOPLIST_KEY_CFBundleDisplayName = "AutoPiP Extension";
				INFOPLIST_KEY_NSHumanReadableCopyright = "";
				LD_RUNPATH_SEARCH_PATHS = (
					"$(inherited)",
					"@executable_path/../Frameworks",
					"@executable_path/../../../../Frameworks",
				);
				MACOSX_DEPLOYMENT_TARGET = 10.14;
				MARKETING_VERSION = 1.0;
				OTHER_LDFLAGS = (
					"-framework",
					SafariServices,
				);
				PRODUCT_BUNDLE_IDENTIFIER = com.konrad.AutoPiP.Extension;
				PRODUCT_NAME = "$(TARGET_NAME)";
				SKIP_INSTALL = YES;
				STRING_CATALOG_GENERATE_SYMBOLS = YES;
				SWIFT_APPROACHABLE_CONCURRENCY = YES;
				SWIFT_EMIT_LOC_STRINGS = YES;
				SWIFT_UPCOMING_FEATURE_MEMBER_IMPORT_VISIBILITY = YES;
				SWIFT_VERSION = 5.0;
			};
			name = Release;
		};
		00C0190B2F8BE5AB00C3D2C8 /* Debug */ = {
			isa = XCBuildConfiguration;
			buildSettings = {
				ASSETCATALOG_COMPILER_APPICON_NAME = AppIcon;
				ASSETCATALOG_COMPILER_GLOBAL_ACCENT_COLOR_NAME = AccentColor;
				CODE_SIGN_STYLE = Automatic;
				COMBINE_HIDPI_IMAGES = YES;
				CURRENT_PROJECT_VERSION = 1;
				ENABLE_APP_SANDBOX = YES;
				ENABLE_HARDENED_RUNTIME = YES;
				ENABLE_OUTGOING_NETWORK_CONNECTIONS = YES;
				ENABLE_USER_SELECTED_FILES = readonly;
				GENERATE_INFOPLIST_FILE = YES;
				INFOPLIST_FILE = AutoPiP/Info.plist;
				INFOPLIST_KEY_CFBundleDisplayName = AutoPiP;
				INFOPLIST_KEY_NSHumanReadableCopyright = "";
				INFOPLIST_KEY_NSMainStoryboardFile = Main;
				INFOPLIST_KEY_NSPrincipalClass = NSApplication;
				LD_RUNPATH_SEARCH_PATHS = (
					"$(inherited)",
					"@executable_path/../Frameworks",
				);
				MARKETING_VERSION = 1.0;
				OTHER_LDFLAGS = (
					"-framework",
					SafariServices,
					"-framework",
					WebKit,
				);
				PRODUCT_BUNDLE_IDENTIFIER = com.konrad.AutoPiP;
				PRODUCT_NAME = "$(TARGET_NAME)";
				REGISTER_APP_GROUPS = YES;
				STRING_CATALOG_GENERATE_SYMBOLS = YES;
				SWIFT_APPROACHABLE_CONCURRENCY = YES;
				SWIFT_DEFAULT_ACTOR_ISOLATION = MainActor;
				SWIFT_EMIT_LOC_STRINGS = YES;
				SWIFT_UPCOMING_FEATURE_MEMBER_IMPORT_VISIBILITY = YES;
				SWIFT_VERSION = 5.0;
			};
			name = Debug;
		};
		00C0190C2F8BE5AB00C3D2C8 /* Release */ = {
			isa = XCBuildConfiguration;
			buildSettings = {
				ASSETCATALOG_COMPILER_APPICON_NAME = AppIcon;
				ASSETCATALOG_COMPILER_GLOBAL_ACCENT_COLOR_NAME = AccentColor;
				CODE_SIGN_STYLE = Automatic;
				COMBINE_HIDPI_IMAGES = YES;
				CURRENT_PROJECT_VERSION = 1;
				ENABLE_APP_SANDBOX = YES;
				ENABLE_HARDENED_RUNTIME = YES;
				ENABLE_OUTGOING_NETWORK_CONNECTIONS = YES;
				ENABLE_USER_SELECTED_FILES = readonly;
				GENERATE_INFOPLIST_FILE = YES;
				INFOPLIST_FILE = AutoPiP/Info.plist;
				INFOPLIST_KEY_CFBundleDisplayName = AutoPiP;
				INFOPLIST_KEY_NSHumanReadableCopyright = "";
				INFOPLIST_KEY_NSMainStoryboardFile = Main;
				INFOPLIST_KEY_NSPrincipalClass = NSApplication;
				LD_RUNPATH_SEARCH_PATHS = (
					"$(inherited)",
					"@executable_path/../Frameworks",
				);
				MARKETING_VERSION = 1.0;
				OTHER_LDFLAGS = (
					"-framework",
					SafariServices,
					"-framework",
					WebKit,
				);
				PRODUCT_BUNDLE_IDENTIFIER = com.konrad.AutoPiP;
				PRODUCT_NAME = "$(TARGET_NAME)";
				REGISTER_APP_GROUPS = YES;
				STRING_CATALOG_GENERATE_SYMBOLS = YES;
				SWIFT_APPROACHABLE_CONCURRENCY = YES;
				SWIFT_DEFAULT_ACTOR_ISOLATION = MainActor;
				SWIFT_EMIT_LOC_STRINGS = YES;
				SWIFT_UPCOMING_FEATURE_MEMBER_IMPORT_VISIBILITY = YES;
				SWIFT_VERSION = 5.0;
			};
			name = Release;
		};
/* End XCBuildConfiguration section */

/* Begin XCConfigurationList section */
		00C018DC2F8BE5A400C3D2C8 /* Build configuration list for PBXProject "AutoPiP" */ = {
			isa = XCConfigurationList;
			buildConfigurations = (
				00C019042F8BE5AB00C3D2C8 /* Debug */,
				00C019052F8BE5AB00C3D2C8 /* Release */,
			);
			defaultConfigurationIsVisible = 0;
			defaultConfigurationName = Release;
		};
		00C019062F8BE5AB00C3D2C8 /* Build configuration list for PBXNativeTarget "AutoPiP Extension" */ = {
			isa = XCConfigurationList;
			buildConfigurations = (
				00C019072F8BE5AB00C3D2C8 /* Debug */,
				00C019082F8BE5AB00C3D2C8 /* Release */,
			);
			defaultConfigurationIsVisible = 0;
			defaultConfigurationName = Release;
		};
		00C0190A2F8BE5AB00C3D2C8 /* Build configuration list for PBXNativeTarget "AutoPiP" */ = {
			isa = XCConfigurationList;
			buildConfigurations = (
				00C0190B2F8BE5AB00C3D2C8 /* Debug */,
				00C0190C2F8BE5AB00C3D2C8 /* Release */,
			);
			defaultConfigurationIsVisible = 0;
			defaultConfigurationName = Release;
		};
/* End XCConfigurationList section */
	};
	rootObject = 00C018D92F8BE5A400C3D2C8 /* Project object */;
}
